
Microsoft Visual Studio Solution File, Format Version 12.00
# Visual Studio Version 17
VisualStudioVersion = 17.11.35327.3
MinimumVisualStudioVersion = 10.0.40219.1
Project("{FAE04EC0-301F-11D3-BF4B-00C04F79EFBC}") = "Lab3", "Lab3\Lab3.csproj", "{AD6A2DEE-8B92-439C-B1AE-99A97A0634BF}"
EndProject
Global
	GlobalSection(SolutionConfigurationPlatforms) = preSolution
		Debug|Any CPU = Debug|Any CPU
		Release|Any CPU = Release|Any CPU
	EndGlobalSection
	GlobalSection(ProjectConfigurationPlatforms) = postSolution
		{AD6A2DEE-8B92-439C-B1AE-99A97A0634BF}.Debug|Any CPU.ActiveCfg = Debug|Any CPU
		{AD6A2DEE-8B92-439C-B1AE-99A97A0634BF}.Debug|Any CPU.Build.0 = Debug|Any CPU
		{AD6A2DEE-8B92-439C-B1AE-99A97A0634BF}.Release|Any CPU.ActiveCfg = Release|Any CPU
		{AD6A2DEE-8B92-439C-B1AE-99A97A0634BF}.Release|Any CPU.Build.0 = Release|Any CPU
	EndGlobalSection
	GlobalSection(SolutionProperties) = preSolution
		HideSolutionNode = FALSE
	EndGlobalSection
	GlobalSection(ExtensibilityGlobals) = postSolution
		SolutionGuid = {EF2097A7-6016-4BA2-ABDC-7DD96EBCF010}
	EndGlobalSection
EndGlobal
